// !$*UTF8*$!
{
	archiveVersion = 1;
	classes = {
	};
	objectVersion = 46;
	objects = {

/* Begin PBXBuildFile section */
		E61508CD1CA9B1EB00D3D70E /* RPValidationKit.framework in Frameworks */ = {isa = PBXBuildFile; fileRef = E61508C31CA9B1EB00D3D70E /* RPValidationKit.framework */; };
		E61508DA1CA9B24B00D3D70E /* RPValidationManager.swift in Sources */ = {isa = PBXBuildFile; fileRef = E6F682581CA5A5B4009255CB /* RPValidationManager.swift */; };
		E61508DB1CA9B24E00D3D70E /* UITextField.swift in Sources */ = {isa = PBXBuildFile; fileRef = E6F682641CA5A6F9009255CB /* UITextField.swift */; };
		E61508DC1CA9B25300D3D70E /* EmailValidator.swift in Sources */ = {isa = PBXBuildFile; fileRef = E6F682771CA5BC77009255CB /* EmailValidator.swift */; };
		E61508DD1CA9B25300D3D70E /* IntegerValidator.swift in Sources */ = {isa = PBXBuildFile; fileRef = E6F682691CA5AB19009255CB /* IntegerValidator.swift */; };
		E61508DE1CA9B25300D3D70E /* MaxLengthValidator.swift in Sources */ = {isa = PBXBuildFile; fileRef = E6F6826A1CA5AB19009255CB /* MaxLengthValidator.swift */; };
		E61508DF1CA9B25300D3D70E /* MinLengthValidator.swift in Sources */ = {isa = PBXBuildFile; fileRef = E6F6826B1CA5AB19009255CB /* MinLengthValidator.swift */; };
		E61508E01CA9B25300D3D70E /* PhoneValidator.swift in Sources */ = {isa = PBXBuildFile; fileRef = E6F6826C1CA5AB19009255CB /* PhoneValidator.swift */; };
		E61508E11CA9B25300D3D70E /* RequiredValidator.swift in Sources */ = {isa = PBXBuildFile; fileRef = E6F6826D1CA5AB19009255CB /* RequiredValidator.swift */; };
		E61508E21CA9B25300D3D70E /* SpecialCharactorValidator.swift in Sources */ = {isa = PBXBuildFile; fileRef = E6F6826E1CA5AB19009255CB /* SpecialCharactorValidator.swift */; };
		E61508E31CA9B25800D3D70E /* RPValidationKit.h in Headers */ = {isa = PBXBuildFile; fileRef = E6F6821E1CA5A461009255CB /* RPValidationKit.h */; settings = {ATTRIBUTES = (Public, ); }; };
		E61508E41CA9B26200D3D70E /* Validatable.swift in Sources */ = {isa = PBXBuildFile; fileRef = E6F682A91CA99169009255CB /* Validatable.swift */; };
		E61508E51CA9B26200D3D70E /* Validator.swift in Sources */ = {isa = PBXBuildFile; fileRef = E6F682AB1CA99175009255CB /* Validator.swift */; };
		E61508E61CA9B26200D3D70E /* Validation.swift in Sources */ = {isa = PBXBuildFile; fileRef = E6F682AD1CA99181009255CB /* Validation.swift */; };
		E61508E71CA9B26200D3D70E /* FieldValidation.swift in Sources */ = {isa = PBXBuildFile; fileRef = E6F682AF1CA9918C009255CB /* FieldValidation.swift */; };
		E61508E81CA9B26200D3D70E /* FormValidation.swift in Sources */ = {isa = PBXBuildFile; fileRef = E6F682B11CA99194009255CB /* FormValidation.swift */; };
		E61508E91CA9B26900D3D70E /* RPValidationKitTests.swift in Sources */ = {isa = PBXBuildFile; fileRef = E6F6822A1CA5A461009255CB /* RPValidationKitTests.swift */; };
		E6F6821F1CA5A461009255CB /* RPValidationKit.h in Headers */ = {isa = PBXBuildFile; fileRef = E6F6821E1CA5A461009255CB /* RPValidationKit.h */; settings = {ATTRIBUTES = (Public, ); }; };
		E6F682261CA5A461009255CB /* RPValidationKit.framework in Frameworks */ = {isa = PBXBuildFile; fileRef = E6F6821B1CA5A461009255CB /* RPValidationKit.framework */; };
		E6F6822B1CA5A461009255CB /* RPValidationKitTests.swift in Sources */ = {isa = PBXBuildFile; fileRef = E6F6822A1CA5A461009255CB /* RPValidationKitTests.swift */; };
		E6F682591CA5A5B4009255CB /* RPValidationManager.swift in Sources */ = {isa = PBXBuildFile; fileRef = E6F682581CA5A5B4009255CB /* RPValidationManager.swift */; };
		E6F682651CA5A6F9009255CB /* UITextField.swift in Sources */ = {isa = PBXBuildFile; fileRef = E6F682641CA5A6F9009255CB /* UITextField.swift */; };
		E6F6826F1CA5AB19009255CB /* IntegerValidator.swift in Sources */ = {isa = PBXBuildFile; fileRef = E6F682691CA5AB19009255CB /* IntegerValidator.swift */; };
		E6F682701CA5AB19009255CB /* MaxLengthValidator.swift in Sources */ = {isa = PBXBuildFile; fileRef = E6F6826A1CA5AB19009255CB /* MaxLengthValidator.swift */; };
		E6F682711CA5AB19009255CB /* MinLengthValidator.swift in Sources */ = {isa = PBXBuildFile; fileRef = E6F6826B1CA5AB19009255CB /* MinLengthValidator.swift */; };
		E6F682721CA5AB19009255CB /* PhoneValidator.swift in Sources */ = {isa = PBXBuildFile; fileRef = E6F6826C1CA5AB19009255CB /* PhoneValidator.swift */; };
		E6F682731CA5AB19009255CB /* RequiredValidator.swift in Sources */ = {isa = PBXBuildFile; fileRef = E6F6826D1CA5AB19009255CB /* RequiredValidator.swift */; };
		E6F682741CA5AB19009255CB /* SpecialCharactorValidator.swift in Sources */ = {isa = PBXBuildFile; fileRef = E6F6826E1CA5AB19009255CB /* SpecialCharactorValidator.swift */; };
		E6F682781CA5BC77009255CB /* EmailValidator.swift in Sources */ = {isa = PBXBuildFile; fileRef = E6F682771CA5BC77009255CB /* EmailValidator.swift */; };
		E6F682AA1CA99169009255CB /* Validatable.swift in Sources */ = {isa = PBXBuildFile; fileRef = E6F682A91CA99169009255CB /* Validatable.swift */; };
		E6F682AC1CA99175009255CB /* Validator.swift in Sources */ = {isa = PBXBuildFile; fileRef = E6F682AB1CA99175009255CB /* Validator.swift */; };
		E6F682AE1CA99181009255CB /* Validation.swift in Sources */ = {isa = PBXBuildFile; fileRef = E6F682AD1CA99181009255CB /* Validation.swift */; };
		E6F682B01CA9918C009255CB /* FieldValidation.swift in Sources */ = {isa = PBXBuildFile; fileRef = E6F682AF1CA9918C009255CB /* FieldValidation.swift */; };
		E6F682B21CA99194009255CB /* FormValidation.swift in Sources */ = {isa = PBXBuildFile; fileRef = E6F682B11CA99194009255CB /* FormValidation.swift */; };
/* End PBXBuildFile section */

/* Begin PBXContainerItemProxy section */
		E61508CE1CA9B1EB00D3D70E /* PBXContainerItemProxy */ = {
			isa = PBXContainerItemProxy;
			containerPortal = E6F682121CA5A461009255CB /* Project object */;
			proxyType = 1;
			remoteGlobalIDString = E61508C21CA9B1EB00D3D70E;
			remoteInfo = "RPValidationKit tvOS";
		};
		E6F682271CA5A461009255CB /* PBXContainerItemProxy */ = {
			isa = PBXContainerItemProxy;
			containerPortal = E6F682121CA5A461009255CB /* Project object */;
			proxyType = 1;
			remoteGlobalIDString = E6F6821A1CA5A461009255CB;
			remoteInfo = RPValidationKit;
		};
/* End PBXContainerItemProxy section */

/* Begin PBXFileReference section */
		E61508C31CA9B1EB00D3D70E /* RPValidationKit.framework */ = {isa = PBXFileReference; explicitFileType = wrapper.framework; includeInIndex = 0; path = RPValidationKit.framework; sourceTree = BUILT_PRODUCTS_DIR; };
		E61508C71CA9B1EB00D3D70E /* Info-tvOS.plist */ = {isa = PBXFileReference; lastKnownFileType = text.plist.xml; name = "Info-tvOS.plist"; path = "RPValidationKit/Info-tvOS.plist"; sourceTree = SOURCE_ROOT; };
		E61508CC1CA9B1EB00D3D70E /* RPValidationKit tvOSTests.xctest */ = {isa = PBXFileReference; explicitFileType = wrapper.cfbundle; includeInIndex = 0; path = "RPValidationKit tvOSTests.xctest"; sourceTree = BUILT_PRODUCTS_DIR; };
		E61508D31CA9B1EB00D3D70E /* Info-tvOS.plist */ = {isa = PBXFileReference; lastKnownFileType = text.plist.xml; path = "Info-tvOS.plist"; sourceTree = "<group>"; };
		E6F6821B1CA5A461009255CB /* RPValidationKit.framework */ = {isa = PBXFileReference; explicitFileType = wrapper.framework; includeInIndex = 0; path = RPValidationKit.framework; sourceTree = BUILT_PRODUCTS_DIR; };
		E6F6821E1CA5A461009255CB /* RPValidationKit.h */ = {isa = PBXFileReference; lastKnownFileType = sourcecode.c.h; path = RPValidationKit.h; sourceTree = "<group>"; };
		E6F682201CA5A461009255CB /* Info.plist */ = {isa = PBXFileReference; lastKnownFileType = text.plist.xml; path = Info.plist; sourceTree = "<group>"; };
		E6F682251CA5A461009255CB /* RPValidationKitTests.xctest */ = {isa = PBXFileReference; explicitFileType = wrapper.cfbundle; includeInIndex = 0; path = RPValidationKitTests.xctest; sourceTree = BUILT_PRODUCTS_DIR; };
		E6F6822A1CA5A461009255CB /* RPValidationKitTests.swift */ = {isa = PBXFileReference; lastKnownFileType = sourcecode.swift; path = RPValidationKitTests.swift; sourceTree = "<group>"; };
		E6F6822C1CA5A461009255CB /* Info.plist */ = {isa = PBXFileReference; lastKnownFileType = text.plist.xml; path = Info.plist; sourceTree = "<group>"; };
		E6F682581CA5A5B4009255CB /* RPValidationManager.swift */ = {isa = PBXFileReference; fileEncoding = 4; lastKnownFileType = sourcecode.swift; path = RPValidationManager.swift; sourceTree = "<group>"; };
		E6F682641CA5A6F9009255CB /* UITextField.swift */ = {isa = PBXFileReference; fileEncoding = 4; lastKnownFileType = sourcecode.swift; path = UITextField.swift; sourceTree = "<group>"; };
		E6F682691CA5AB19009255CB /* IntegerValidator.swift */ = {isa = PBXFileReference; fileEncoding = 4; lastKnownFileType = sourcecode.swift; path = IntegerValidator.swift; sourceTree = "<group>"; };
		E6F6826A1CA5AB19009255CB /* MaxLengthValidator.swift */ = {isa = PBXFileReference; fileEncoding = 4; lastKnownFileType = sourcecode.swift; path = MaxLengthValidator.swift; sourceTree = "<group>"; };
		E6F6826B1CA5AB19009255CB /* MinLengthValidator.swift */ = {isa = PBXFileReference; fileEncoding = 4; lastKnownFileType = sourcecode.swift; path = MinLengthValidator.swift; sourceTree = "<group>"; };
		E6F6826C1CA5AB19009255CB /* PhoneValidator.swift */ = {isa = PBXFileReference; fileEncoding = 4; lastKnownFileType = sourcecode.swift; path = PhoneValidator.swift; sourceTree = "<group>"; };
		E6F6826D1CA5AB19009255CB /* RequiredValidator.swift */ = {isa = PBXFileReference; fileEncoding = 4; lastKnownFileType = sourcecode.swift; path = RequiredValidator.swift; sourceTree = "<group>"; };
		E6F6826E1CA5AB19009255CB /* SpecialCharactorValidator.swift */ = {isa = PBXFileReference; fileEncoding = 4; lastKnownFileType = sourcecode.swift; path = SpecialCharactorValidator.swift; sourceTree = "<group>"; };
		E6F682771CA5BC77009255CB /* EmailValidator.swift */ = {isa = PBXFileReference; fileEncoding = 4; lastKnownFileType = sourcecode.swift; path = EmailValidator.swift; sourceTree = "<group>"; };
		E6F682A91CA99169009255CB /* Validatable.swift */ = {isa = PBXFileReference; fileEncoding = 4; lastKnownFileType = sourcecode.swift; path = Validatable.swift; sourceTree = "<group>"; };
		E6F682AB1CA99175009255CB /* Validator.swift */ = {isa = PBXFileReference; fileEncoding = 4; lastKnownFileType = sourcecode.swift; path = Validator.swift; sourceTree = "<group>"; };
		E6F682AD1CA99181009255CB /* Validation.swift */ = {isa = PBXFileReference; fileEncoding = 4; lastKnownFileType = sourcecode.swift; path = Validation.swift; sourceTree = "<group>"; };
		E6F682AF1CA9918C009255CB /* FieldValidation.swift */ = {isa = PBXFileReference; fileEncoding = 4; lastKnownFileType = sourcecode.swift; path = FieldValidation.swift; sourceTree = "<group>"; };
		E6F682B11CA99194009255CB /* FormValidation.swift */ = {isa = PBXFileReference; fileEncoding = 4; lastKnownFileType = sourcecode.swift; path = FormValidation.swift; sourceTree = "<group>"; };
/* End PBXFileReference section */

/* Begin PBXFrameworksBuildPhase section */
		E61508BF1CA9B1EB00D3D70E /* Frameworks */ = {
			isa = PBXFrameworksBuildPhase;
			buildActionMask = 2147483647;
			files = (
			);
			runOnlyForDeploymentPostprocessing = 0;
		};
		E61508C91CA9B1EB00D3D70E /* Frameworks */ = {
			isa = PBXFrameworksBuildPhase;
			buildActionMask = 2147483647;
			files = (
				E61508CD1CA9B1EB00D3D70E /* RPValidationKit.framework in Frameworks */,
			);
			runOnlyForDeploymentPostprocessing = 0;
		};
		E6F682171CA5A461009255CB /* Frameworks */ = {
			isa = PBXFrameworksBuildPhase;
			buildActionMask = 2147483647;
			files = (
			);
			runOnlyForDeploymentPostprocessing = 0;
		};
		E6F682221CA5A461009255CB /* Frameworks */ = {
			isa = PBXFrameworksBuildPhase;
			buildActionMask = 2147483647;
			files = (
				E6F682261CA5A461009255CB /* RPValidationKit.framework in Frameworks */,
			);
			runOnlyForDeploymentPostprocessing = 0;
		};
/* End PBXFrameworksBuildPhase section */

/* Begin PBXGroup section */
		E6F682111CA5A461009255CB = {
			isa = PBXGroup;
			children = (
				E6F6821D1CA5A461009255CB /* Source */,
				E6F682291CA5A461009255CB /* Tests */,
				E6F6821C1CA5A461009255CB /* Products */,
			);
			sourceTree = "<group>";
		};
		E6F6821C1CA5A461009255CB /* Products */ = {
			isa = PBXGroup;
			children = (
				E6F6821B1CA5A461009255CB /* RPValidationKit.framework */,
				E6F682251CA5A461009255CB /* RPValidationKitTests.xctest */,
				E61508C31CA9B1EB00D3D70E /* RPValidationKit.framework */,
				E61508CC1CA9B1EB00D3D70E /* RPValidationKit tvOSTests.xctest */,
			);
			name = Products;
			sourceTree = "<group>";
		};
		E6F6821D1CA5A461009255CB /* Source */ = {
			isa = PBXGroup;
			children = (
				E6F682581CA5A5B4009255CB /* RPValidationManager.swift */,
				E6F682A91CA99169009255CB /* Validatable.swift */,
				E6F682AB1CA99175009255CB /* Validator.swift */,
				E6F682AD1CA99181009255CB /* Validation.swift */,
				E6F682AF1CA9918C009255CB /* FieldValidation.swift */,
				E6F682B11CA99194009255CB /* FormValidation.swift */,
				E6F682631CA5A6EC009255CB /* Extensions */,
				E6F682681CA5AB02009255CB /* Validators */,
				E6F682561CA5A53B009255CB /* Supporting Files */,
			);
			name = Source;
			path = RPValidationKit;
			sourceTree = "<group>";
		};
		E6F682291CA5A461009255CB /* Tests */ = {
			isa = PBXGroup;
			children = (
				E6F6822A1CA5A461009255CB /* RPValidationKitTests.swift */,
				E6F6822C1CA5A461009255CB /* Info.plist */,
				E61508D31CA9B1EB00D3D70E /* Info-tvOS.plist */,
			);
			name = Tests;
			path = RPValidationKitTests;
			sourceTree = "<group>";
		};
		E6F682561CA5A53B009255CB /* Supporting Files */ = {
			isa = PBXGroup;
			children = (
				E6F6821E1CA5A461009255CB /* RPValidationKit.h */,
				E61508C71CA9B1EB00D3D70E /* Info-tvOS.plist */,
				E6F682201CA5A461009255CB /* Info.plist */,
			);
			name = "Supporting Files";
			sourceTree = "<group>";
		};
		E6F682631CA5A6EC009255CB /* Extensions */ = {
			isa = PBXGroup;
			children = (
				E6F682641CA5A6F9009255CB /* UITextField.swift */,
			);
			name = Extensions;
			sourceTree = "<group>";
		};
		E6F682681CA5AB02009255CB /* Validators */ = {
			isa = PBXGroup;
			children = (
				E6F682771CA5BC77009255CB /* EmailValidator.swift */,
				E6F682691CA5AB19009255CB /* IntegerValidator.swift */,
				E6F6826A1CA5AB19009255CB /* MaxLengthValidator.swift */,
				E6F6826B1CA5AB19009255CB /* MinLengthValidator.swift */,
				E6F6826C1CA5AB19009255CB /* PhoneValidator.swift */,
				E6F6826D1CA5AB19009255CB /* RequiredValidator.swift */,
				E6F6826E1CA5AB19009255CB /* SpecialCharactorValidator.swift */,
			);
			name = Validators;
			sourceTree = "<group>";
		};
/* End PBXGroup section */

/* Begin PBXHeadersBuildPhase section */
		E61508C01CA9B1EB00D3D70E /* Headers */ = {
			isa = PBXHeadersBuildPhase;
			buildActionMask = 2147483647;
			files = (
				E61508E31CA9B25800D3D70E /* RPValidationKit.h in Headers */,
			);
			runOnlyForDeploymentPostprocessing = 0;
		};
		E6F682181CA5A461009255CB /* Headers */ = {
			isa = PBXHeadersBuildPhase;
			buildActionMask = 2147483647;
			files = (
				E6F6821F1CA5A461009255CB /* RPValidationKit.h in Headers */,
			);
			runOnlyForDeploymentPostprocessing = 0;
		};
/* End PBXHeadersBuildPhase section */

/* Begin PBXNativeTarget section */
		E61508C21CA9B1EB00D3D70E /* RPValidationKit tvOS */ = {
			isa = PBXNativeTarget;
			buildConfigurationList = E61508D81CA9B1EB00D3D70E /* Build configuration list for PBXNativeTarget "RPValidationKit tvOS" */;
			buildPhases = (
				E61508BE1CA9B1EB00D3D70E /* Sources */,
				E61508BF1CA9B1EB00D3D70E /* Frameworks */,
				E61508C01CA9B1EB00D3D70E /* Headers */,
				E61508C11CA9B1EB00D3D70E /* Resources */,
			);
			buildRules = (
			);
			dependencies = (
			);
			name = "RPValidationKit tvOS";
			productName = "RPValidationKit tvOS";
			productReference = E61508C31CA9B1EB00D3D70E /* RPValidationKit.framework */;
			productType = "com.apple.product-type.framework";
		};
		E61508CB1CA9B1EB00D3D70E /* RPValidationKit tvOSTests */ = {
			isa = PBXNativeTarget;
			buildConfigurationList = E61508D91CA9B1EB00D3D70E /* Build configuration list for PBXNativeTarget "RPValidationKit tvOSTests" */;
			buildPhases = (
				E61508C81CA9B1EB00D3D70E /* Sources */,
				E61508C91CA9B1EB00D3D70E /* Frameworks */,
				E61508CA1CA9B1EB00D3D70E /* Resources */,
			);
			buildRules = (
			);
			dependencies = (
				E61508CF1CA9B1EB00D3D70E /* PBXTargetDependency */,
			);
			name = "RPValidationKit tvOSTests";
			productName = "RPValidationKit tvOSTests";
			productReference = E61508CC1CA9B1EB00D3D70E /* RPValidationKit tvOSTests.xctest */;
			productType = "com.apple.product-type.bundle.unit-test";
		};
		E6F6821A1CA5A461009255CB /* RPValidationKit */ = {
			isa = PBXNativeTarget;
			buildConfigurationList = E6F6822F1CA5A461009255CB /* Build configuration list for PBXNativeTarget "RPValidationKit" */;
			buildPhases = (
				E6F682161CA5A461009255CB /* Sources */,
				E6F682171CA5A461009255CB /* Frameworks */,
				E6F682181CA5A461009255CB /* Headers */,
				E6F682191CA5A461009255CB /* Resources */,
			);
			buildRules = (
			);
			dependencies = (
			);
			name = RPValidationKit;
			productName = RPValidationKit;
			productReference = E6F6821B1CA5A461009255CB /* RPValidationKit.framework */;
			productType = "com.apple.product-type.framework";
		};
		E6F682241CA5A461009255CB /* RPValidationKitTests */ = {
			isa = PBXNativeTarget;
			buildConfigurationList = E6F682321CA5A461009255CB /* Build configuration list for PBXNativeTarget "RPValidationKitTests" */;
			buildPhases = (
				E6F682211CA5A461009255CB /* Sources */,
				E6F682221CA5A461009255CB /* Frameworks */,
				E6F682231CA5A461009255CB /* Resources */,
			);
			buildRules = (
			);
			dependencies = (
				E6F682281CA5A461009255CB /* PBXTargetDependency */,
			);
			name = RPValidationKitTests;
			productName = RPValidationKitTests;
			productReference = E6F682251CA5A461009255CB /* RPValidationKitTests.xctest */;
			productType = "com.apple.product-type.bundle.unit-test";
		};
/* End PBXNativeTarget section */

/* Begin PBXProject section */
		E6F682121CA5A461009255CB /* Project object */ = {
			isa = PBXProject;
			attributes = {
				LastSwiftUpdateCheck = 0720;
				LastUpgradeCheck = 0720;
				ORGANIZATIONNAME = Rentpath;
				TargetAttributes = {
					E61508C21CA9B1EB00D3D70E = {
						CreatedOnToolsVersion = 7.2.1;
					};
					E61508CB1CA9B1EB00D3D70E = {
						CreatedOnToolsVersion = 7.2.1;
					};
					E6F6821A1CA5A461009255CB = {
						CreatedOnToolsVersion = 7.2.1;
					};
					E6F682241CA5A461009255CB = {
						CreatedOnToolsVersion = 7.2.1;
					};
				};
			};
			buildConfigurationList = E6F682151CA5A461009255CB /* Build configuration list for PBXProject "RPValidationKit" */;
			compatibilityVersion = "Xcode 3.2";
			developmentRegion = English;
			hasScannedForEncodings = 0;
			knownRegions = (
				en,
			);
			mainGroup = E6F682111CA5A461009255CB;
			productRefGroup = E6F6821C1CA5A461009255CB /* Products */;
			projectDirPath = "";
			projectRoot = "";
			targets = (
				E6F6821A1CA5A461009255CB /* RPValidationKit */,
				E6F682241CA5A461009255CB /* RPValidationKitTests */,
				E61508C21CA9B1EB00D3D70E /* RPValidationKit tvOS */,
				E61508CB1CA9B1EB00D3D70E /* RPValidationKit tvOSTests */,
			);
		};
/* End PBXProject section */

/* Begin PBXResourcesBuildPhase section */
		E61508C11CA9B1EB00D3D70E /* Resources */ = {
			isa = PBXResourcesBuildPhase;
			buildActionMask = 2147483647;
			files = (
			);
			runOnlyForDeploymentPostprocessing = 0;
		};
		E61508CA1CA9B1EB00D3D70E /* Resources */ = {
			isa = PBXResourcesBuildPhase;
			buildActionMask = 2147483647;
			files = (
			);
			runOnlyForDeploymentPostprocessing = 0;
		};
		E6F682191CA5A461009255CB /* Resources */ = {
			isa = PBXResourcesBuildPhase;
			buildActionMask = 2147483647;
			files = (
			);
			runOnlyForDeploymentPostprocessing = 0;
		};
		E6F682231CA5A461009255CB /* Resources */ = {
			isa = PBXResourcesBuildPhase;
			buildActionMask = 2147483647;
			files = (
			);
			runOnlyForDeploymentPostprocessing = 0;
		};
/* End PBXResourcesBuildPhase section */

/* Begin PBXSourcesBuildPhase section */
		E61508BE1CA9B1EB00D3D70E /* Sources */ = {
			isa = PBXSourcesBuildPhase;
			buildActionMask = 2147483647;
			files = (
				E61508DA1CA9B24B00D3D70E /* RPValidationManager.swift in Sources */,
				E61508E71CA9B26200D3D70E /* FieldValidation.swift in Sources */,
				E61508E11CA9B25300D3D70E /* RequiredValidator.swift in Sources */,
				E61508E21CA9B25300D3D70E /* SpecialCharactorValidator.swift in Sources */,
				E61508E01CA9B25300D3D70E /* PhoneValidator.swift in Sources */,
				E61508DF1CA9B25300D3D70E /* MinLengthValidator.swift in Sources */,
				E61508E81CA9B26200D3D70E /* FormValidation.swift in Sources */,
				E61508E51CA9B26200D3D70E /* Validator.swift in Sources */,
				E61508E41CA9B26200D3D70E /* Validatable.swift in Sources */,
				E61508DD1CA9B25300D3D70E /* IntegerValidator.swift in Sources */,
				E61508DB1CA9B24E00D3D70E /* UITextField.swift in Sources */,
				E61508DE1CA9B25300D3D70E /* MaxLengthValidator.swift in Sources */,
				E61508E61CA9B26200D3D70E /* Validation.swift in Sources */,
				E61508DC1CA9B25300D3D70E /* EmailValidator.swift in Sources */,
			);
			runOnlyForDeploymentPostprocessing = 0;
		};
		E61508C81CA9B1EB00D3D70E /* Sources */ = {
			isa = PBXSourcesBuildPhase;
			buildActionMask = 2147483647;
			files = (
				E61508E91CA9B26900D3D70E /* RPValidationKitTests.swift in Sources */,
			);
			runOnlyForDeploymentPostprocessing = 0;
		};
		E6F682161CA5A461009255CB /* Sources */ = {
			isa = PBXSourcesBuildPhase;
			buildActionMask = 2147483647;
			files = (
				E6F682591CA5A5B4009255CB /* RPValidationManager.swift in Sources */,
				E6F682731CA5AB19009255CB /* RequiredValidator.swift in Sources */,
				E6F682741CA5AB19009255CB /* SpecialCharactorValidator.swift in Sources */,
				E6F682721CA5AB19009255CB /* PhoneValidator.swift in Sources */,
				E6F682AE1CA99181009255CB /* Validation.swift in Sources */,
				E6F682AC1CA99175009255CB /* Validator.swift in Sources */,
				E6F682711CA5AB19009255CB /* MinLengthValidator.swift in Sources */,
				E6F6826F1CA5AB19009255CB /* IntegerValidator.swift in Sources */,
				E6F682781CA5BC77009255CB /* EmailValidator.swift in Sources */,
				E6F682B21CA99194009255CB /* FormValidation.swift in Sources */,
				E6F682B01CA9918C009255CB /* FieldValidation.swift in Sources */,
				E6F682701CA5AB19009255CB /* MaxLengthValidator.swift in Sources */,
				E6F682651CA5A6F9009255CB /* UITextField.swift in Sources */,
				E6F682AA1CA99169009255CB /* Validatable.swift in Sources */,
			);
			runOnlyForDeploymentPostprocessing = 0;
		};
		E6F682211CA5A461009255CB /* Sources */ = {
			isa = PBXSourcesBuildPhase;
			buildActionMask = 2147483647;
			files = (
				E6F6822B1CA5A461009255CB /* RPValidationKitTests.swift in Sources */,
			);
			runOnlyForDeploymentPostprocessing = 0;
		};
/* End PBXSourcesBuildPhase section */

/* Begin PBXTargetDependency section */
		E61508CF1CA9B1EB00D3D70E /* PBXTargetDependency */ = {
			isa = PBXTargetDependency;
			target = E61508C21CA9B1EB00D3D70E /* RPValidationKit tvOS */;
			targetProxy = E61508CE1CA9B1EB00D3D70E /* PBXContainerItemProxy */;
		};
		E6F682281CA5A461009255CB /* PBXTargetDependency */ = {
			isa = PBXTargetDependency;
			target = E6F6821A1CA5A461009255CB /* RPValidationKit */;
			targetProxy = E6F682271CA5A461009255CB /* PBXContainerItemProxy */;
		};
/* End PBXTargetDependency section */

/* Begin XCBuildConfiguration section */
		E61508D41CA9B1EB00D3D70E /* Debug */ = {
			isa = XCBuildConfiguration;
			buildSettings = {
				DEFINES_MODULE = YES;
				DYLIB_COMPATIBILITY_VERSION = 1;
				DYLIB_CURRENT_VERSION = 1;
				DYLIB_INSTALL_NAME_BASE = "@rpath";
				INFOPLIST_FILE = "$(SRCROOT)/RPValidationKit/Info-tvOS.plist";
				INSTALL_PATH = "$(LOCAL_LIBRARY_DIR)/Frameworks";
				LD_RUNPATH_SEARCH_PATHS = "$(inherited) @executable_path/Frameworks @loader_path/Frameworks";
				PRODUCT_BUNDLE_IDENTIFIER = com.rentpath.RPValidationKit;
				PRODUCT_NAME = RPValidationKit;
				SDKROOT = appletvos;
				SKIP_INSTALL = YES;
				TARGETED_DEVICE_FAMILY = 3;
				TVOS_DEPLOYMENT_TARGET = 9.1;
			};
			name = Debug;
		};
		E61508D51CA9B1EB00D3D70E /* Release */ = {
			isa = XCBuildConfiguration;
			buildSettings = {
				DEFINES_MODULE = YES;
				DYLIB_COMPATIBILITY_VERSION = 1;
				DYLIB_CURRENT_VERSION = 1;
				DYLIB_INSTALL_NAME_BASE = "@rpath";
				INFOPLIST_FILE = "$(SRCROOT)/RPValidationKit/Info-tvOS.plist";
				INSTALL_PATH = "$(LOCAL_LIBRARY_DIR)/Frameworks";
				LD_RUNPATH_SEARCH_PATHS = "$(inherited) @executable_path/Frameworks @loader_path/Frameworks";
				PRODUCT_BUNDLE_IDENTIFIER = com.rentpath.RPValidationKit;
				PRODUCT_NAME = RPValidationKit;
				SDKROOT = appletvos;
				SKIP_INSTALL = YES;
				TARGETED_DEVICE_FAMILY = 3;
				TVOS_DEPLOYMENT_TARGET = 9.1;
			};
			name = Release;
		};
		E61508D61CA9B1EB00D3D70E /* Debug */ = {
			isa = XCBuildConfiguration;
			buildSettings = {
				INFOPLIST_FILE = "RPValidationKitTests/Info-tvOS.plist";
				LD_RUNPATH_SEARCH_PATHS = "$(inherited) @executable_path/Frameworks @loader_path/Frameworks";
				PRODUCT_BUNDLE_IDENTIFIER = "com.rentpath.RPValidationKit-tvOSTests";
				PRODUCT_NAME = "$(TARGET_NAME)";
				SDKROOT = appletvos;
				TVOS_DEPLOYMENT_TARGET = 9.1;
			};
			name = Debug;
		};
		E61508D71CA9B1EB00D3D70E /* Release */ = {
			isa = XCBuildConfiguration;
			buildSettings = {
				INFOPLIST_FILE = "RPValidationKitTests/Info-tvOS.plist";
				LD_RUNPATH_SEARCH_PATHS = "$(inherited) @executable_path/Frameworks @loader_path/Frameworks";
				PRODUCT_BUNDLE_IDENTIFIER = "com.rentpath.RPValidationKit-tvOSTests";
				PRODUCT_NAME = "$(TARGET_NAME)";
				SDKROOT = appletvos;
				TVOS_DEPLOYMENT_TARGET = 9.1;
			};
			name = Release;
		};
		E6F6822D1CA5A461009255CB /* Debug */ = {
			isa = XCBuildConfiguration;
			buildSettings = {
				ALWAYS_SEARCH_USER_PATHS = NO;
				CLANG_CXX_LANGUAGE_STANDARD = "gnu++0x";
				CLANG_CXX_LIBRARY = "libc++";
				CLANG_ENABLE_MODULES = YES;
				CLANG_ENABLE_OBJC_ARC = YES;
				CLANG_WARN_BOOL_CONVERSION = YES;
				CLANG_WARN_CONSTANT_CONVERSION = YES;
				CLANG_WARN_DIRECT_OBJC_ISA_USAGE = YES_ERROR;
				CLANG_WARN_EMPTY_BODY = YES;
				CLANG_WARN_ENUM_CONVERSION = YES;
				CLANG_WARN_INT_CONVERSION = YES;
				CLANG_WARN_OBJC_ROOT_CLASS = YES_ERROR;
				CLANG_WARN_UNREACHABLE_CODE = YES;
				CLANG_WARN__DUPLICATE_METHOD_MATCH = YES;
				"CODE_SIGN_IDENTITY[sdk=iphoneos*]" = "iPhone Developer";
				COPY_PHASE_STRIP = NO;
				CURRENT_PROJECT_VERSION = 1;
				DEBUG_INFORMATION_FORMAT = dwarf;
				ENABLE_STRICT_OBJC_MSGSEND = YES;
				ENABLE_TESTABILITY = YES;
				GCC_C_LANGUAGE_STANDARD = gnu99;
				GCC_DYNAMIC_NO_PIC = NO;
				GCC_NO_COMMON_BLOCKS = YES;
				GCC_OPTIMIZATION_LEVEL = 0;
				GCC_PREPROCESSOR_DEFINITIONS = (
					"DEBUG=1",
					"$(inherited)",
				);
				GCC_WARN_64_TO_32_BIT_CONVERSION = YES;
				GCC_WARN_ABOUT_RETURN_TYPE = YES_ERROR;
				GCC_WARN_UNDECLARED_SELECTOR = YES;
				GCC_WARN_UNINITIALIZED_AUTOS = YES_AGGRESSIVE;
				GCC_WARN_UNUSED_FUNCTION = YES;
				GCC_WARN_UNUSED_VARIABLE = YES;
				IPHONEOS_DEPLOYMENT_TARGET = 9.2;
				MTL_ENABLE_DEBUG_INFO = YES;
				ONLY_ACTIVE_ARCH = YES;
				SDKROOT = iphoneos;
				SWIFT_OPTIMIZATION_LEVEL = "-Onone";
				TARGETED_DEVICE_FAMILY = "1,2";
				VERSIONING_SYSTEM = "apple-generic";
				VERSION_INFO_PREFIX = "";
			};
			name = Debug;
		};
		E6F6822E1CA5A461009255CB /* Release */ = {
			isa = XCBuildConfiguration;
			buildSettings = {
				ALWAYS_SEARCH_USER_PATHS = NO;
				CLANG_CXX_LANGUAGE_STANDARD = "gnu++0x";
				CLANG_CXX_LIBRARY = "libc++";
				CLANG_ENABLE_MODULES = YES;
				CLANG_ENABLE_OBJC_ARC = YES;
				CLANG_WARN_BOOL_CONVERSION = YES;
				CLANG_WARN_CONSTANT_CONVERSION = YES;
				CLANG_WARN_DIRECT_OBJC_ISA_USAGE = YES_ERROR;
				CLANG_WARN_EMPTY_BODY = YES;
				CLANG_WARN_ENUM_CONVERSION = YES;
				CLANG_WARN_INT_CONVERSION = YES;
				CLANG_WARN_OBJC_ROOT_CLASS = YES_ERROR;
				CLANG_WARN_UNREACHABLE_CODE = YES;
				CLANG_WARN__DUPLICATE_METHOD_MATCH = YES;
				"CODE_SIGN_IDENTITY[sdk=iphoneos*]" = "iPhone Developer";
				COPY_PHASE_STRIP = NO;
				CURRENT_PROJECT_VERSION = 1;
				DEBUG_INFORMATION_FORMAT = "dwarf-with-dsym";
				ENABLE_NS_ASSERTIONS = NO;
				ENABLE_STRICT_OBJC_MSGSEND = YES;
				GCC_C_LANGUAGE_STANDARD = gnu99;
				GCC_NO_COMMON_BLOCKS = YES;
				GCC_WARN_64_TO_32_BIT_CONVERSION = YES;
				GCC_WARN_ABOUT_RETURN_TYPE = YES_ERROR;
				GCC_WARN_UNDECLARED_SELECTOR = YES;
				GCC_WARN_UNINITIALIZED_AUTOS = YES_AGGRESSIVE;
				GCC_WARN_UNUSED_FUNCTION = YES;
				GCC_WARN_UNUSED_VARIABLE = YES;
				IPHONEOS_DEPLOYMENT_TARGET = 9.2;
				MTL_ENABLE_DEBUG_INFO = NO;
				SDKROOT = iphoneos;
				TARGETED_DEVICE_FAMILY = "1,2";
				VALIDATE_PRODUCT = YES;
				VERSIONING_SYSTEM = "apple-generic";
				VERSION_INFO_PREFIX = "";
			};
			name = Release;
		};
		E6F682301CA5A461009255CB /* Debug */ = {
			isa = XCBuildConfiguration;
			buildSettings = {
				CLANG_ENABLE_MODULES = YES;
				DEFINES_MODULE = YES;
				DYLIB_COMPATIBILITY_VERSION = 1;
				DYLIB_CURRENT_VERSION = 1;
				DYLIB_INSTALL_NAME_BASE = "@rpath";
				INFOPLIST_FILE = RPValidationKit/Info.plist;
				INSTALL_PATH = "$(LOCAL_LIBRARY_DIR)/Frameworks";
				LD_RUNPATH_SEARCH_PATHS = "$(inherited) @executable_path/Frameworks @loader_path/Frameworks";
				PRODUCT_BUNDLE_IDENTIFIER = com.rentpath.RPValidationKit;
				PRODUCT_NAME = "$(TARGET_NAME)";
				SKIP_INSTALL = YES;
				SWIFT_OPTIMIZATION_LEVEL = "-Onone";
			};
			name = Debug;
		};
		E6F682311CA5A461009255CB /* Release */ = {
			isa = XCBuildConfiguration;
			buildSettings = {
				CLANG_ENABLE_MODULES = YES;
				DEFINES_MODULE = YES;
				DYLIB_COMPATIBILITY_VERSION = 1;
				DYLIB_CURRENT_VERSION = 1;
				DYLIB_INSTALL_NAME_BASE = "@rpath";
				INFOPLIST_FILE = RPValidationKit/Info.plist;
				INSTALL_PATH = "$(LOCAL_LIBRARY_DIR)/Frameworks";
				LD_RUNPATH_SEARCH_PATHS = "$(inherited) @executable_path/Frameworks @loader_path/Frameworks";
				PRODUCT_BUNDLE_IDENTIFIER = com.rentpath.RPValidationKit;
				PRODUCT_NAME = "$(TARGET_NAME)";
				SKIP_INSTALL = YES;
			};
			name = Release;
		};
		E6F682331CA5A461009255CB /* Debug */ = {
			isa = XCBuildConfiguration;
			buildSettings = {
				INFOPLIST_FILE = RPValidationKitTests/Info.plist;
				LD_RUNPATH_SEARCH_PATHS = "$(inherited) @executable_path/Frameworks @loader_path/Frameworks";
				PRODUCT_BUNDLE_IDENTIFIER = com.rentpath.RPValidationKitTests;
				PRODUCT_NAME = "$(TARGET_NAME)";
			};
			name = Debug;
		};
		E6F682341CA5A461009255CB /* Release */ = {
			isa = XCBuildConfiguration;
			buildSettings = {
				INFOPLIST_FILE = RPValidationKitTests/Info.plist;
				LD_RUNPATH_SEARCH_PATHS = "$(inherited) @executable_path/Frameworks @loader_path/Frameworks";
				PRODUCT_BUNDLE_IDENTIFIER = com.rentpath.RPValidationKitTests;
				PRODUCT_NAME = "$(TARGET_NAME)";
			};
			name = Release;
		};
/* End XCBuildConfiguration section */

/* Begin XCConfigurationList section */
		E61508D81CA9B1EB00D3D70E /* Build configuration list for PBXNativeTarget "RPValidationKit tvOS" */ = {
			isa = XCConfigurationList;
			buildConfigurations = (
				E61508D41CA9B1EB00D3D70E /* Debug */,
				E61508D51CA9B1EB00D3D70E /* Release */,
			);
			defaultConfigurationIsVisible = 0;
		};
		E61508D91CA9B1EB00D3D70E /* Build configuration list for PBXNativeTarget "RPValidationKit tvOSTests" */ = {
			isa = XCConfigurationList;
			buildConfigurations = (
				E61508D61CA9B1EB00D3D70E /* Debug */,
				E61508D71CA9B1EB00D3D70E /* Release */,
			);
			defaultConfigurationIsVisible = 0;
		};
		E6F682151CA5A461009255CB /* Build configuration list for PBXProject "RPValidationKit" */ = {
			isa = XCConfigurationList;
			buildConfigurations = (
				E6F6822D1CA5A461009255CB /* Debug */,
				E6F6822E1CA5A461009255CB /* Release */,
			);
			defaultConfigurationIsVisible = 0;
			defaultConfigurationName = Release;
		};
		E6F6822F1CA5A461009255CB /* Build configuration list for PBXNativeTarget "RPValidationKit" */ = {
			isa = XCConfigurationList;
			buildConfigurations = (
				E6F682301CA5A461009255CB /* Debug */,
				E6F682311CA5A461009255CB /* Release */,
			);
			defaultConfigurationIsVisible = 0;
			defaultConfigurationName = Release;
		};
		E6F682321CA5A461009255CB /* Build configuration list for PBXNativeTarget "RPValidationKitTests" */ = {
			isa = XCConfigurationList;
			buildConfigurations = (
				E6F682331CA5A461009255CB /* Debug */,
				E6F682341CA5A461009255CB /* Release */,
			);
			defaultConfigurationIsVisible = 0;
			defaultConfigurationName = Release;
		};
/* End XCConfigurationList section */
	};
	rootObject = E6F682121CA5A461009255CB /* Project object */;
}
