// !$*UTF8*$!
{
	archiveVersion = 1;
	classes = {
	};
	objectVersion = 46;
	objects = {

/* Begin PBXBuildFile section */
		ADC6C00A1CAC285F00969BE0 /* RPValidationManager.swift in Sources */ = {isa = PBXBuildFile; fileRef = ADC6C0041CAC285F00969BE0 /* RPValidationManager.swift */; };
		ADC6C00B1CAC285F00969BE0 /* Validatable.swift in Sources */ = {isa = PBXBuildFile; fileRef = ADC6C0051CAC285F00969BE0 /* Validatable.swift */; };
		ADC6C00C1CAC285F00969BE0 /* Validation.swift in Sources */ = {isa = PBXBuildFile; fileRef = ADC6C0061CAC285F00969BE0 /* Validation.swift */; };
		ADC6C00D1CAC285F00969BE0 /* Validator.swift in Sources */ = {isa = PBXBuildFile; fileRef = ADC6C0071CAC285F00969BE0 /* Validator.swift */; };
		ADC6C0101CAC28AB00969BE0 /* UITextField.swift in Sources */ = {isa = PBXBuildFile; fileRef = ADC6C00F1CAC28AB00969BE0 /* UITextField.swift */; };
		ADC6C0181CAC28BB00969BE0 /* EmailValidator.swift in Sources */ = {isa = PBXBuildFile; fileRef = ADC6C0121CAC28BB00969BE0 /* EmailValidator.swift */; };
		ADC6C0191CAC28BB00969BE0 /* IntegerValidator.swift in Sources */ = {isa = PBXBuildFile; fileRef = ADC6C0131CAC28BB00969BE0 /* IntegerValidator.swift */; };
		ADC6C01A1CAC28BB00969BE0 /* MaxLengthValidator.swift in Sources */ = {isa = PBXBuildFile; fileRef = ADC6C0141CAC28BB00969BE0 /* MaxLengthValidator.swift */; };
		ADC6C01B1CAC28BB00969BE0 /* MinLengthValidator.swift in Sources */ = {isa = PBXBuildFile; fileRef = ADC6C0151CAC28BB00969BE0 /* MinLengthValidator.swift */; };
		ADC6C01C1CAC28BB00969BE0 /* PhoneValidator.swift in Sources */ = {isa = PBXBuildFile; fileRef = ADC6C0161CAC28BB00969BE0 /* PhoneValidator.swift */; };
		ADC6C01D1CAC28BB00969BE0 /* RequiredValidator.swift in Sources */ = {isa = PBXBuildFile; fileRef = ADC6C0171CAC28BB00969BE0 /* RequiredValidator.swift */; };
		E61508CD1CA9B1EB00D3D70E /* RPValidationKit.framework in Frameworks */ = {isa = PBXBuildFile; fileRef = E61508C31CA9B1EB00D3D70E /* RPValidationKit.framework */; };
		E61508E31CA9B25800D3D70E /* RPValidationKit.h in Headers */ = {isa = PBXBuildFile; fileRef = E6F6821E1CA5A461009255CB /* RPValidationKit.h */; settings = {ATTRIBUTES = (Public, ); }; };
		E61508E91CA9B26900D3D70E /* RPValidationKitTests.swift in Sources */ = {isa = PBXBuildFile; fileRef = E6F6822A1CA5A461009255CB /* RPValidationKitTests.swift */; };
		E66121561CB5690D0074543F /* ValidationResult.swift in Sources */ = {isa = PBXBuildFile; fileRef = E66121551CB5690D0074543F /* ValidationResult.swift */; };
		E6B9D5A71CB6D74D001EC5CE /* UITextView.swift in Sources */ = {isa = PBXBuildFile; fileRef = E6B9D5A61CB6D74D001EC5CE /* UITextView.swift */; };
		E6F6821F1CA5A461009255CB /* RPValidationKit.h in Headers */ = {isa = PBXBuildFile; fileRef = E6F6821E1CA5A461009255CB /* RPValidationKit.h */; settings = {ATTRIBUTES = (Public, ); }; };
		E6F682261CA5A461009255CB /* RPValidationKit.framework in Frameworks */ = {isa = PBXBuildFile; fileRef = E6F6821B1CA5A461009255CB /* RPValidationKit.framework */; };
		E6F6822B1CA5A461009255CB /* RPValidationKitTests.swift in Sources */ = {isa = PBXBuildFile; fileRef = E6F6822A1CA5A461009255CB /* RPValidationKitTests.swift */; };
/* End PBXBuildFile section */

/* Begin PBXContainerItemProxy section */
		E61508CE1CA9B1EB00D3D70E /* PBXContainerItemProxy */ = {
			isa = PBXContainerItemProxy;
			containerPortal = E6F682121CA5A461009255CB /* Project object */;
			proxyType = 1;
			remoteGlobalIDString = E61508C21CA9B1EB00D3D70E;
			remoteInfo = "RPValidationKit tvOS";
		};
		E6F682271CA5A461009255CB /* PBXContainerItemProxy */ = {
			isa = PBXContainerItemProxy;
			containerPortal = E6F682121CA5A461009255CB /* Project object */;
			proxyType = 1;
			remoteGlobalIDString = E6F6821A1CA5A461009255CB;
			remoteInfo = RPValidationKit;
		};
/* End PBXContainerItemProxy section */

/* Begin PBXFileReference section */
		ADC6C0041CAC285F00969BE0 /* RPValidationManager.swift */ = {isa = PBXFileReference; fileEncoding = 4; lastKnownFileType = sourcecode.swift; path = RPValidationManager.swift; sourceTree = "<group>"; };
		ADC6C0051CAC285F00969BE0 /* Validatable.swift */ = {isa = PBXFileReference; fileEncoding = 4; lastKnownFileType = sourcecode.swift; path = Validatable.swift; sourceTree = "<group>"; };
		ADC6C0061CAC285F00969BE0 /* Validation.swift */ = {isa = PBXFileReference; fileEncoding = 4; lastKnownFileType = sourcecode.swift; path = Validation.swift; sourceTree = "<group>"; };
		ADC6C0071CAC285F00969BE0 /* Validator.swift */ = {isa = PBXFileReference; fileEncoding = 4; lastKnownFileType = sourcecode.swift; path = Validator.swift; sourceTree = "<group>"; };
		ADC6C00F1CAC28AB00969BE0 /* UITextField.swift */ = {isa = PBXFileReference; fileEncoding = 4; lastKnownFileType = sourcecode.swift; path = UITextField.swift; sourceTree = "<group>"; };
		ADC6C0121CAC28BB00969BE0 /* EmailValidator.swift */ = {isa = PBXFileReference; fileEncoding = 4; lastKnownFileType = sourcecode.swift; path = EmailValidator.swift; sourceTree = "<group>"; };
		ADC6C0131CAC28BB00969BE0 /* IntegerValidator.swift */ = {isa = PBXFileReference; fileEncoding = 4; lastKnownFileType = sourcecode.swift; path = IntegerValidator.swift; sourceTree = "<group>"; };
		ADC6C0141CAC28BB00969BE0 /* MaxLengthValidator.swift */ = {isa = PBXFileReference; fileEncoding = 4; lastKnownFileType = sourcecode.swift; path = MaxLengthValidator.swift; sourceTree = "<group>"; };
		ADC6C0151CAC28BB00969BE0 /* MinLengthValidator.swift */ = {isa = PBXFileReference; fileEncoding = 4; lastKnownFileType = sourcecode.swift; path = MinLengthValidator.swift; sourceTree = "<group>"; };
		ADC6C0161CAC28BB00969BE0 /* PhoneValidator.swift */ = {isa = PBXFileReference; fileEncoding = 4; lastKnownFileType = sourcecode.swift; path = PhoneValidator.swift; sourceTree = "<group>"; };
		ADC6C0171CAC28BB00969BE0 /* RequiredValidator.swift */ = {isa = PBXFileReference; fileEncoding = 4; lastKnownFileType = sourcecode.swift; path = RequiredValidator.swift; sourceTree = "<group>"; };
		E61508C31CA9B1EB00D3D70E /* RPValidationKit.framework */ = {isa = PBXFileReference; explicitFileType = wrapper.framework; includeInIndex = 0; path = RPValidationKit.framework; sourceTree = BUILT_PRODUCTS_DIR; };
		E61508C71CA9B1EB00D3D70E /* Info-tvOS.plist */ = {isa = PBXFileReference; lastKnownFileType = text.plist.xml; name = "Info-tvOS.plist"; path = "RPValidationKit/Info-tvOS.plist"; sourceTree = SOURCE_ROOT; };
		E61508CC1CA9B1EB00D3D70E /* RPValidationKit tvOSTests.xctest */ = {isa = PBXFileReference; explicitFileType = wrapper.cfbundle; includeInIndex = 0; path = "RPValidationKit tvOSTests.xctest"; sourceTree = BUILT_PRODUCTS_DIR; };
		E61508D31CA9B1EB00D3D70E /* Info-tvOS.plist */ = {isa = PBXFileReference; lastKnownFileType = text.plist.xml; path = "Info-tvOS.plist"; sourceTree = "<group>"; };
		E66121551CB5690D0074543F /* ValidationResult.swift */ = {isa = PBXFileReference; fileEncoding = 4; lastKnownFileType = sourcecode.swift; path = ValidationResult.swift; sourceTree = "<group>"; };
		E6B9D5A61CB6D74D001EC5CE /* UITextView.swift */ = {isa = PBXFileReference; fileEncoding = 4; lastKnownFileType = sourcecode.swift; path = UITextView.swift; sourceTree = "<group>"; };
		E6F6821B1CA5A461009255CB /* RPValidationKit.framework */ = {isa = PBXFileReference; explicitFileType = wrapper.framework; includeInIndex = 0; path = RPValidationKit.framework; sourceTree = BUILT_PRODUCTS_DIR; };
		E6F6821E1CA5A461009255CB /* RPValidationKit.h */ = {isa = PBXFileReference; lastKnownFileType = sourcecode.c.h; path = RPValidationKit.h; sourceTree = "<group>"; };
		E6F682201CA5A461009255CB /* Info.plist */ = {isa = PBXFileReference; lastKnownFileType = text.plist.xml; path = Info.plist; sourceTree = "<group>"; };
		E6F682251CA5A461009255CB /* RPValidationKitTests.xctest */ = {isa = PBXFileReference; explicitFileType = wrapper.cfbundle; includeInIndex = 0; path = RPValidationKitTests.xctest; sourceTree = BUILT_PRODUCTS_DIR; };
		E6F6822A1CA5A461009255CB /* RPValidationKitTests.swift */ = {isa = PBXFileReference; lastKnownFileType = sourcecode.swift; path = RPValidationKitTests.swift; sourceTree = "<group>"; };
		E6F6822C1CA5A461009255CB /* Info.plist */ = {isa = PBXFileReference; lastKnownFileType = text.plist.xml; path = Info.plist; sourceTree = "<group>"; };
/* End PBXFileReference section */

/* Begin PBXFrameworksBuildPhase section */
		E61508BF1CA9B1EB00D3D70E /* Frameworks */ = {
			isa = PBXFrameworksBuildPhase;
			buildActionMask = 2147483647;
			files = (
			);
			runOnlyForDeploymentPostprocessing = 0;
		};
		E61508C91CA9B1EB00D3D70E /* Frameworks */ = {
			isa = PBXFrameworksBuildPhase;
			buildActionMask = 2147483647;
			files = (
				E61508CD1CA9B1EB00D3D70E /* RPValidationKit.framework in Frameworks */,
			);
			runOnlyForDeploymentPostprocessing = 0;
		};
		E6F682171CA5A461009255CB /* Frameworks */ = {
			isa = PBXFrameworksBuildPhase;
			buildActionMask = 2147483647;
			files = (
			);
			runOnlyForDeploymentPostprocessing = 0;
		};
		E6F682221CA5A461009255CB /* Frameworks */ = {
			isa = PBXFrameworksBuildPhase;
			buildActionMask = 2147483647;
			files = (
				E6F682261CA5A461009255CB /* RPValidationKit.framework in Frameworks */,
			);
			runOnlyForDeploymentPostprocessing = 0;
		};
/* End PBXFrameworksBuildPhase section */

/* Begin PBXGroup section */
		ADC6C0011CAC285F00969BE0 /* Core */ = {
			isa = PBXGroup;
			children = (
				ADC6C0041CAC285F00969BE0 /* RPValidationManager.swift */,
				ADC6C0051CAC285F00969BE0 /* Validatable.swift */,
				ADC6C0061CAC285F00969BE0 /* Validation.swift */,
				ADC6C0071CAC285F00969BE0 /* Validator.swift */,
				E66121551CB5690D0074543F /* ValidationResult.swift */,
			);
			path = Core;
			sourceTree = "<group>";
		};
		ADC6C00E1CAC28AB00969BE0 /* Extentions */ = {
			isa = PBXGroup;
			children = (
				ADC6C00F1CAC28AB00969BE0 /* UITextField.swift */,
				E6B9D5A61CB6D74D001EC5CE /* UITextView.swift */,
			);
			path = Extentions;
			sourceTree = "<group>";
		};
		ADC6C0111CAC28BB00969BE0 /* Validators */ = {
			isa = PBXGroup;
			children = (
				ADC6C0121CAC28BB00969BE0 /* EmailValidator.swift */,
				ADC6C0131CAC28BB00969BE0 /* IntegerValidator.swift */,
				ADC6C0141CAC28BB00969BE0 /* MaxLengthValidator.swift */,
				ADC6C0151CAC28BB00969BE0 /* MinLengthValidator.swift */,
				ADC6C0161CAC28BB00969BE0 /* PhoneValidator.swift */,
				ADC6C0171CAC28BB00969BE0 /* RequiredValidator.swift */,
			);
			path = Validators;
			sourceTree = "<group>";
		};
		E6F682111CA5A461009255CB = {
			isa = PBXGroup;
			children = (
				E6F6821D1CA5A461009255CB /* RPValidationKit */,
				E6F682291CA5A461009255CB /* Tests */,
				E6F6821C1CA5A461009255CB /* Products */,
			);
			sourceTree = "<group>";
		};
		E6F6821C1CA5A461009255CB /* Products */ = {
			isa = PBXGroup;
			children = (
				E6F6821B1CA5A461009255CB /* RPValidationKit.framework */,
				E6F682251CA5A461009255CB /* RPValidationKitTests.xctest */,
				E61508C31CA9B1EB00D3D70E /* RPValidationKit.framework */,
				E61508CC1CA9B1EB00D3D70E /* RPValidationKit tvOSTests.xctest */,
			);
			name = Products;
			sourceTree = "<group>";
		};
		E6F6821D1CA5A461009255CB /* RPValidationKit */ = {
			isa = PBXGroup;
			children = (
				ADC6C0011CAC285F00969BE0 /* Core */,
				ADC6C00E1CAC28AB00969BE0 /* Extentions */,
				ADC6C0111CAC28BB00969BE0 /* Validators */,
				E6F682561CA5A53B009255CB /* Supporting Files */,
			);
			path = RPValidationKit;
			sourceTree = "<group>";
		};
		E6F682291CA5A461009255CB /* Tests */ = {
			isa = PBXGroup;
			children = (
				E6F6822A1CA5A461009255CB /* RPValidationKitTests.swift */,
				E6F6822C1CA5A461009255CB /* Info.plist */,
				E61508D31CA9B1EB00D3D70E /* Info-tvOS.plist */,
			);
			name = Tests;
			path = RPValidationKitTests;
			sourceTree = "<group>";
		};
		E6F682561CA5A53B009255CB /* Supporting Files */ = {
			isa = PBXGroup;
			children = (
				E6F6821E1CA5A461009255CB /* RPValidationKit.h */,
				E61508C71CA9B1EB00D3D70E /* Info-tvOS.plist */,
				E6F682201CA5A461009255CB /* Info.plist */,
			);
			name = "Supporting Files";
			sourceTree = "<group>";
		};
/* End PBXGroup section */

/* Begin PBXHeadersBuildPhase section */
		E61508C01CA9B1EB00D3D70E /* Headers */ = {
			isa = PBXHeadersBuildPhase;
			buildActionMask = 2147483647;
			files = (
				E61508E31CA9B25800D3D70E /* RPValidationKit.h in Headers */,
			);
			runOnlyForDeploymentPostprocessing = 0;
		};
		E6F682181CA5A461009255CB /* Headers */ = {
			isa = PBXHeadersBuildPhase;
			buildActionMask = 2147483647;
			files = (
				E6F6821F1CA5A461009255CB /* RPValidationKit.h in Headers */,
			);
			runOnlyForDeploymentPostprocessing = 0;
		};
/* End PBXHeadersBuildPhase section */

/* Begin PBXNativeTarget section */
		E61508C21CA9B1EB00D3D70E /* RPValidationKit tvOS */ = {
			isa = PBXNativeTarget;
			buildConfigurationList = E61508D81CA9B1EB00D3D70E /* Build configuration list for PBXNativeTarget "RPValidationKit tvOS" */;
			buildPhases = (
				E61508BE1CA9B1EB00D3D70E /* Sources */,
				E61508BF1CA9B1EB00D3D70E /* Frameworks */,
				E61508C01CA9B1EB00D3D70E /* Headers */,
				E61508C11CA9B1EB00D3D70E /* Resources */,
			);
			buildRules = (
			);
			dependencies = (
			);
			name = "RPValidationKit tvOS";
			productName = "RPValidationKit tvOS";
			productReference = E61508C31CA9B1EB00D3D70E /* RPValidationKit.framework */;
			productType = "com.apple.product-type.framework";
		};
		E61508CB1CA9B1EB00D3D70E /* RPValidationKit tvOSTests */ = {
			isa = PBXNativeTarget;
			buildConfigurationList = E61508D91CA9B1EB00D3D70E /* Build configuration list for PBXNativeTarget "RPValidationKit tvOSTests" */;
			buildPhases = (
				E61508C81CA9B1EB00D3D70E /* Sources */,
				E61508C91CA9B1EB00D3D70E /* Frameworks */,
				E61508CA1CA9B1EB00D3D70E /* Resources */,
			);
			buildRules = (
			);
			dependencies = (
				E61508CF1CA9B1EB00D3D70E /* PBXTargetDependency */,
			);
			name = "RPValidationKit tvOSTests";
			productName = "RPValidationKit tvOSTests";
			productReference = E61508CC1CA9B1EB00D3D70E /* RPValidationKit tvOSTests.xctest */;
			productType = "com.apple.product-type.bundle.unit-test";
		};
		E6F6821A1CA5A461009255CB /* RPValidationKit */ = {
			isa = PBXNativeTarget;
			buildConfigurationList = E6F6822F1CA5A461009255CB /* Build configuration list for PBXNativeTarget "RPValidationKit" */;
			buildPhases = (
				E6F682161CA5A461009255CB /* Sources */,
				E6F682171CA5A461009255CB /* Frameworks */,
				E6F682181CA5A461009255CB /* Headers */,
				E6F682191CA5A461009255CB /* Resources */,
			);
			buildRules = (
			);
			dependencies = (
			);
			name = RPValidationKit;
			productName = RPValidationKit;
			productReference = E6F6821B1CA5A461009255CB /* RPValidationKit.framework */;
			productType = "com.apple.product-type.framework";
		};
		E6F682241CA5A461009255CB /* RPValidationKitTests */ = {
			isa = PBXNativeTarget;
			buildConfigurationList = E6F682321CA5A461009255CB /* Build configuration list for PBXNativeTarget "RPValidationKitTests" */;
			buildPhases = (
				E6F682211CA5A461009255CB /* Sources */,
				E6F682221CA5A461009255CB /* Frameworks */,
				E6F682231CA5A461009255CB /* Resources */,
			);
			buildRules = (
			);
			dependencies = (
				E6F682281CA5A461009255CB /* PBXTargetDependency */,
			);
			name = RPValidationKitTests;
			productName = RPValidationKitTests;
			productReference = E6F682251CA5A461009255CB /* RPValidationKitTests.xctest */;
			productType = "com.apple.product-type.bundle.unit-test";
		};
/* End PBXNativeTarget section */

/* Begin PBXProject section */
		E6F682121CA5A461009255CB /* Project object */ = {
			isa = PBXProject;
			attributes = {
				LastSwiftUpdateCheck = 0720;
				LastUpgradeCheck = 0720;
				ORGANIZATIONNAME = Rentpath;
				TargetAttributes = {
					E61508C21CA9B1EB00D3D70E = {
						CreatedOnToolsVersion = 7.2.1;
					};
					E61508CB1CA9B1EB00D3D70E = {
						CreatedOnToolsVersion = 7.2.1;
					};
					E6F6821A1CA5A461009255CB = {
						CreatedOnToolsVersion = 7.2.1;
					};
					E6F682241CA5A461009255CB = {
						CreatedOnToolsVersion = 7.2.1;
					};
				};
			};
			buildConfigurationList = E6F682151CA5A461009255CB /* Build configuration list for PBXProject "RPValidationKit" */;
			compatibilityVersion = "Xcode 3.2";
			developmentRegion = English;
			hasScannedForEncodings = 0;
			knownRegions = (
				en,
			);
			mainGroup = E6F682111CA5A461009255CB;
			productRefGroup = E6F6821C1CA5A461009255CB /* Products */;
			projectDirPath = "";
			projectRoot = "";
			targets = (
				E6F6821A1CA5A461009255CB /* RPValidationKit */,
				E6F682241CA5A461009255CB /* RPValidationKitTests */,
				E61508C21CA9B1EB00D3D70E /* RPValidationKit tvOS */,
				E61508CB1CA9B1EB00D3D70E /* RPValidationKit tvOSTests */,
			);
		};
/* End PBXProject section */

/* Begin PBXResourcesBuildPhase section */
		E61508C11CA9B1EB00D3D70E /* Resources */ = {
			isa = PBXResourcesBuildPhase;
			buildActionMask = 2147483647;
			files = (
			);
			runOnlyForDeploymentPostprocessing = 0;
		};
		E61508CA1CA9B1EB00D3D70E /* Resources */ = {
			isa = PBXResourcesBuildPhase;
			buildActionMask = 2147483647;
			files = (
			);
			runOnlyForDeploymentPostprocessing = 0;
		};
		E6F682191CA5A461009255CB /* Resources */ = {
			isa = PBXResourcesBuildPhase;
			buildActionMask = 2147483647;
			files = (
			);
			runOnlyForDeploymentPostprocessing = 0;
		};
		E6F682231CA5A461009255CB /* Resources */ = {
			isa = PBXResourcesBuildPhase;
			buildActionMask = 2147483647;
			files = (
			);
			runOnlyForDeploymentPostprocessing = 0;
		};
/* End PBXResourcesBuildPhase section */

/* Begin PBXSourcesBuildPhase section */
		E61508BE1CA9B1EB00D3D70E /* Sources */ = {
			isa = PBXSourcesBuildPhase;
			buildActionMask = 2147483647;
			files = (
			);
			runOnlyForDeploymentPostprocessing = 0;
		};
		E61508C81CA9B1EB00D3D70E /* Sources */ = {
			isa = PBXSourcesBuildPhase;
			buildActionMask = 2147483647;
			files = (
				E61508E91CA9B26900D3D70E /* RPValidationKitTests.swift in Sources */,
			);
			runOnlyForDeploymentPostprocessing = 0;
		};
		E6F682161CA5A461009255CB /* Sources */ = {
			isa = PBXSourcesBuildPhase;
			buildActionMask = 2147483647;
			files = (
				ADC6C01B1CAC28BB00969BE0 /* MinLengthValidator.swift in Sources */,
				ADC6C00D1CAC285F00969BE0 /* Validator.swift in Sources */,
				ADC6C00A1CAC285F00969BE0 /* RPValidationManager.swift in Sources */,
				ADC6C0191CAC28BB00969BE0 /* IntegerValidator.swift in Sources */,
				ADC6C01A1CAC28BB00969BE0 /* MaxLengthValidator.swift in Sources */,
				ADC6C01D1CAC28BB00969BE0 /* RequiredValidator.swift in Sources */,
				E6B9D5A71CB6D74D001EC5CE /* UITextView.swift in Sources */,
				ADC6C0101CAC28AB00969BE0 /* UITextField.swift in Sources */,
				ADC6C01C1CAC28BB00969BE0 /* PhoneValidator.swift in Sources */,
				ADC6C0181CAC28BB00969BE0 /* EmailValidator.swift in Sources */,
				E66121561CB5690D0074543F /* ValidationResult.swift in Sources */,
				ADC6C00C1CAC285F00969BE0 /* Validation.swift in Sources */,
				ADC6C00B1CAC285F00969BE0 /* Validatable.swift in Sources */,
			);
			runOnlyForDeploymentPostprocessing = 0;
		};
		E6F682211CA5A461009255CB /* Sources */ = {
			isa = PBXSourcesBuildPhase;
			buildActionMask = 2147483647;
			files = (
				E6F6822B1CA5A461009255CB /* RPValidationKitTests.swift in Sources */,
			);
			runOnlyForDeploymentPostprocessing = 0;
		};
/* End PBXSourcesBuildPhase section */

/* Begin PBXTargetDependency section */
		E61508CF1CA9B1EB00D3D70E /* PBXTargetDependency */ = {
			isa = PBXTargetDependency;
			target = E61508C21CA9B1EB00D3D70E /* RPValidationKit tvOS */;
			targetProxy = E61508CE1CA9B1EB00D3D70E /* PBXContainerItemProxy */;
		};
		E6F682281CA5A461009255CB /* PBXTargetDependency */ = {
			isa = PBXTargetDependency;
			target = E6F6821A1CA5A461009255CB /* RPValidationKit */;
			targetProxy = E6F682271CA5A461009255CB /* PBXContainerItemProxy */;
		};
/* End PBXTargetDependency section */

/* Begin XCBuildConfiguration section */
		E61508D41CA9B1EB00D3D70E /* Debug */ = {
			isa = XCBuildConfiguration;
			buildSettings = {
				DEFINES_MODULE = YES;
				DYLIB_COMPATIBILITY_VERSION = 1;
				DYLIB_CURRENT_VERSION = 1;
				DYLIB_INSTALL_NAME_BASE = "@rpath";
				INFOPLIST_FILE = "$(SRCROOT)/RPValidationKit/Info-tvOS.plist";
				INSTALL_PATH = "$(LOCAL_LIBRARY_DIR)/Frameworks";
				LD_RUNPATH_SEARCH_PATHS = "$(inherited) @executable_path/Frameworks @loader_path/Frameworks";
				PRODUCT_BUNDLE_IDENTIFIER = com.rentpath.RPValidationKit;
				PRODUCT_NAME = RPValidationKit;
				SDKROOT = appletvos;
				SKIP_INSTALL = YES;
				TARGETED_DEVICE_FAMILY = 3;
				TVOS_DEPLOYMENT_TARGET = 9.1;
			};
			name = Debug;
		};
		E61508D51CA9B1EB00D3D70E /* Release */ = {
			isa = XCBuildConfiguration;
			buildSettings = {
				DEFINES_MODULE = YES;
				DYLIB_COMPATIBILITY_VERSION = 1;
				DYLIB_CURRENT_VERSION = 1;
				DYLIB_INSTALL_NAME_BASE = "@rpath";
				INFOPLIST_FILE = "$(SRCROOT)/RPValidationKit/Info-tvOS.plist";
				INSTALL_PATH = "$(LOCAL_LIBRARY_DIR)/Frameworks";
				LD_RUNPATH_SEARCH_PATHS = "$(inherited) @executable_path/Frameworks @loader_path/Frameworks";
				PRODUCT_BUNDLE_IDENTIFIER = com.rentpath.RPValidationKit;
				PRODUCT_NAME = RPValidationKit;
				SDKROOT = appletvos;
				SKIP_INSTALL = YES;
				TARGETED_DEVICE_FAMILY = 3;
				TVOS_DEPLOYMENT_TARGET = 9.1;
			};
			name = Release;
		};
		E61508D61CA9B1EB00D3D70E /* Debug */ = {
			isa = XCBuildConfiguration;
			buildSettings = {
				INFOPLIST_FILE = "RPValidationKitTests/Info-tvOS.plist";
				LD_RUNPATH_SEARCH_PATHS = "$(inherited) @executable_path/Frameworks @loader_path/Frameworks";
				PRODUCT_BUNDLE_IDENTIFIER = "com.rentpath.RPValidationKit-tvOSTests";
				PRODUCT_NAME = "$(TARGET_NAME)";
				SDKROOT = appletvos;
				TVOS_DEPLOYMENT_TARGET = 9.1;
			};
			name = Debug;
		};
		E61508D71CA9B1EB00D3D70E /* Release */ = {
			isa = XCBuildConfiguration;
			buildSettings = {
				INFOPLIST_FILE = "RPValidationKitTests/Info-tvOS.plist";
				LD_RUNPATH_SEARCH_PATHS = "$(inherited) @executable_path/Frameworks @loader_path/Frameworks";
				PRODUCT_BUNDLE_IDENTIFIER = "com.rentpath.RPValidationKit-tvOSTests";
				PRODUCT_NAME = "$(TARGET_NAME)";
				SDKROOT = appletvos;
				TVOS_DEPLOYMENT_TARGET = 9.1;
			};
			name = Release;
		};
		E6F6822D1CA5A461009255CB /* Debug */ = {
			isa = XCBuildConfiguration;
			buildSettings = {
				ALWAYS_SEARCH_USER_PATHS = NO;
				CLANG_CXX_LANGUAGE_STANDARD = "gnu++0x";
				CLANG_CXX_LIBRARY = "libc++";
				CLANG_ENABLE_MODULES = YES;
				CLANG_ENABLE_OBJC_ARC = YES;
				CLANG_WARN_BOOL_CONVERSION = YES;
				CLANG_WARN_CONSTANT_CONVERSION = YES;
				CLANG_WARN_DIRECT_OBJC_ISA_USAGE = YES_ERROR;
				CLANG_WARN_EMPTY_BODY = YES;
				CLANG_WARN_ENUM_CONVERSION = YES;
				CLANG_WARN_INT_CONVERSION = YES;
				CLANG_WARN_OBJC_ROOT_CLASS = YES_ERROR;
				CLANG_WARN_UNREACHABLE_CODE = YES;
				CLANG_WARN__DUPLICATE_METHOD_MATCH = YES;
				"CODE_SIGN_IDENTITY[sdk=iphoneos*]" = "iPhone Developer";
				COPY_PHASE_STRIP = NO;
				CURRENT_PROJECT_VERSION = 1;
				DEBUG_INFORMATION_FORMAT = dwarf;
				ENABLE_STRICT_OBJC_MSGSEND = YES;
				ENABLE_TESTABILITY = YES;
				GCC_C_LANGUAGE_STANDARD = gnu99;
				GCC_DYNAMIC_NO_PIC = NO;
				GCC_NO_COMMON_BLOCKS = YES;
				GCC_OPTIMIZATION_LEVEL = 0;
				GCC_PREPROCESSOR_DEFINITIONS = (
					"DEBUG=1",
					"$(inherited)",
				);
				GCC_WARN_64_TO_32_BIT_CONVERSION = YES;
				GCC_WARN_ABOUT_RETURN_TYPE = YES_ERROR;
				GCC_WARN_UNDECLARED_SELECTOR = YES;
				GCC_WARN_UNINITIALIZED_AUTOS = YES_AGGRESSIVE;
				GCC_WARN_UNUSED_FUNCTION = YES;
				GCC_WARN_UNUSED_VARIABLE = YES;
				IPHONEOS_DEPLOYMENT_TARGET = 9.2;
				MTL_ENABLE_DEBUG_INFO = YES;
				ONLY_ACTIVE_ARCH = YES;
				SDKROOT = iphoneos;
				SWIFT_OPTIMIZATION_LEVEL = "-Onone";
				TARGETED_DEVICE_FAMILY = "1,2";
				VERSIONING_SYSTEM = "apple-generic";
				VERSION_INFO_PREFIX = "";
			};
			name = Debug;
		};
		E6F6822E1CA5A461009255CB /* Release */ = {
			isa = XCBuildConfiguration;
			buildSettings = {
				ALWAYS_SEARCH_USER_PATHS = NO;
				CLANG_CXX_LANGUAGE_STANDARD = "gnu++0x";
				CLANG_CXX_LIBRARY = "libc++";
				CLANG_ENABLE_MODULES = YES;
				CLANG_ENABLE_OBJC_ARC = YES;
				CLANG_WARN_BOOL_CONVERSION = YES;
				CLANG_WARN_CONSTANT_CONVERSION = YES;
				CLANG_WARN_DIRECT_OBJC_ISA_USAGE = YES_ERROR;
				CLANG_WARN_EMPTY_BODY = YES;
				CLANG_WARN_ENUM_CONVERSION = YES;
				CLANG_WARN_INT_CONVERSION = YES;
				CLANG_WARN_OBJC_ROOT_CLASS = YES_ERROR;
				CLANG_WARN_UNREACHABLE_CODE = YES;
				CLANG_WARN__DUPLICATE_METHOD_MATCH = YES;
				"CODE_SIGN_IDENTITY[sdk=iphoneos*]" = "iPhone Developer";
				COPY_PHASE_STRIP = NO;
				CURRENT_PROJECT_VERSION = 1;
				DEBUG_INFORMATION_FORMAT = "dwarf-with-dsym";
				ENABLE_NS_ASSERTIONS = NO;
				ENABLE_STRICT_OBJC_MSGSEND = YES;
				GCC_C_LANGUAGE_STANDARD = gnu99;
				GCC_NO_COMMON_BLOCKS = YES;
				GCC_WARN_64_TO_32_BIT_CONVERSION = YES;
				GCC_WARN_ABOUT_RETURN_TYPE = YES_ERROR;
				GCC_WARN_UNDECLARED_SELECTOR = YES;
				GCC_WARN_UNINITIALIZED_AUTOS = YES_AGGRESSIVE;
				GCC_WARN_UNUSED_FUNCTION = YES;
				GCC_WARN_UNUSED_VARIABLE = YES;
				IPHONEOS_DEPLOYMENT_TARGET = 9.2;
				MTL_ENABLE_DEBUG_INFO = NO;
				SDKROOT = iphoneos;
				TARGETED_DEVICE_FAMILY = "1,2";
				VALIDATE_PRODUCT = YES;
				VERSIONING_SYSTEM = "apple-generic";
				VERSION_INFO_PREFIX = "";
			};
			name = Release;
		};
		E6F682301CA5A461009255CB /* Debug */ = {
			isa = XCBuildConfiguration;
			buildSettings = {
				CLANG_ENABLE_MODULES = YES;
				DEFINES_MODULE = YES;
				DYLIB_COMPATIBILITY_VERSION = 1;
				DYLIB_CURRENT_VERSION = 1;
				DYLIB_INSTALL_NAME_BASE = "@rpath";
				INFOPLIST_FILE = RPValidationKit/Info.plist;
				INSTALL_PATH = "$(LOCAL_LIBRARY_DIR)/Frameworks";
				IPHONEOS_DEPLOYMENT_TARGET = 8.0;
				LD_RUNPATH_SEARCH_PATHS = "$(inherited) @executable_path/Frameworks @loader_path/Frameworks";
				PRODUCT_BUNDLE_IDENTIFIER = com.rentpath.RPValidationKit;
				PRODUCT_NAME = "$(TARGET_NAME)";
				SKIP_INSTALL = YES;
				SWIFT_OPTIMIZATION_LEVEL = "-Onone";
			};
			name = Debug;
		};
		E6F682311CA5A461009255CB /* Release */ = {
			isa = XCBuildConfiguration;
			buildSettings = {
				CLANG_ENABLE_MODULES = YES;
				DEFINES_MODULE = YES;
				DYLIB_COMPATIBILITY_VERSION = 1;
				DYLIB_CURRENT_VERSION = 1;
				DYLIB_INSTALL_NAME_BASE = "@rpath";
				INFOPLIST_FILE = RPValidationKit/Info.plist;
				INSTALL_PATH = "$(LOCAL_LIBRARY_DIR)/Frameworks";
				IPHONEOS_DEPLOYMENT_TARGET = 8.0;
				LD_RUNPATH_SEARCH_PATHS = "$(inherited) @executable_path/Frameworks @loader_path/Frameworks";
				PRODUCT_BUNDLE_IDENTIFIER = com.rentpath.RPValidationKit;
				PRODUCT_NAME = "$(TARGET_NAME)";
				SKIP_INSTALL = YES;
			};
			name = Release;
		};
		E6F682331CA5A461009255CB /* Debug */ = {
			isa = XCBuildConfiguration;
			buildSettings = {
				INFOPLIST_FILE = RPValidationKitTests/Info.plist;
				LD_RUNPATH_SEARCH_PATHS = "$(inherited) @executable_path/Frameworks @loader_path/Frameworks";
				PRODUCT_BUNDLE_IDENTIFIER = com.rentpath.RPValidationKitTests;
				PRODUCT_NAME = "$(TARGET_NAME)";
			};
			name = Debug;
		};
		E6F682341CA5A461009255CB /* Release */ = {
			isa = XCBuildConfiguration;
			buildSettings = {
				INFOPLIST_FILE = RPValidationKitTests/Info.plist;
				LD_RUNPATH_SEARCH_PATHS = "$(inherited) @executable_path/Frameworks @loader_path/Frameworks";
				PRODUCT_BUNDLE_IDENTIFIER = com.rentpath.RPValidationKitTests;
				PRODUCT_NAME = "$(TARGET_NAME)";
			};
			name = Release;
		};
/* End XCBuildConfiguration section */

/* Begin XCConfigurationList section */
		E61508D81CA9B1EB00D3D70E /* Build configuration list for PBXNativeTarget "RPValidationKit tvOS" */ = {
			isa = XCConfigurationList;
			buildConfigurations = (
				E61508D41CA9B1EB00D3D70E /* Debug */,
				E61508D51CA9B1EB00D3D70E /* Release */,
			);
			defaultConfigurationIsVisible = 0;
			defaultConfigurationName = Release;
		};
		E61508D91CA9B1EB00D3D70E /* Build configuration list for PBXNativeTarget "RPValidationKit tvOSTests" */ = {
			isa = XCConfigurationList;
			buildConfigurations = (
				E61508D61CA9B1EB00D3D70E /* Debug */,
				E61508D71CA9B1EB00D3D70E /* Release */,
			);
			defaultConfigurationIsVisible = 0;
			defaultConfigurationName = Release;
		};
		E6F682151CA5A461009255CB /* Build configuration list for PBXProject "RPValidationKit" */ = {
			isa = XCConfigurationList;
			buildConfigurations = (
				E6F6822D1CA5A461009255CB /* Debug */,
				E6F6822E1CA5A461009255CB /* Release */,
			);
			defaultConfigurationIsVisible = 0;
			defaultConfigurationName = Release;
		};
		E6F6822F1CA5A461009255CB /* Build configuration list for PBXNativeTarget "RPValidationKit" */ = {
			isa = XCConfigurationList;
			buildConfigurations = (
				E6F682301CA5A461009255CB /* Debug */,
				E6F682311CA5A461009255CB /* Release */,
			);
			defaultConfigurationIsVisible = 0;
			defaultConfigurationName = Release;
		};
		E6F682321CA5A461009255CB /* Build configuration list for PBXNativeTarget "RPValidationKitTests" */ = {
			isa = XCConfigurationList;
			buildConfigurations = (
				E6F682331CA5A461009255CB /* Debug */,
				E6F682341CA5A461009255CB /* Release */,
			);
			defaultConfigurationIsVisible = 0;
			defaultConfigurationName = Release;
		};
/* End XCConfigurationList section */
	};
	rootObject = E6F682121CA5A461009255CB /* Project object */;
}
